
Microsoft Visual Studio Solution File, Format Version 12.00
# Visual Studio Version 16
VisualStudioVersion = 16.0.29709.97
MinimumVisualStudioVersion = 10.0.40219.1
Project("{FAE04EC0-301F-11D3-BF4B-00C04F79EFBC}") = "ffmpegVideoDownloader", "ffmpegVideoDownloader\ffmpegVideoDownloader.csproj", "{FE4CAB2D-CDDF-44D9-AB70-F05549792493}"
EndProject
Global
	GlobalSection(SolutionConfigurationPlatforms) = preSolution
		Debug|Any CPU = Debug|Any CPU
		Release|Any CPU = Release|Any CPU
	EndGlobalSection
	GlobalSection(ProjectConfigurationPlatforms) = postSolution
		{FE4CAB2D-CDDF-44D9-AB70-F05549792493}.Debug|Any CPU.ActiveCfg = Debug|Any CPU
		{FE4CAB2D-CDDF-44D9-AB70-F05549792493}.Debug|Any CPU.Build.0 = Debug|Any CPU
		{FE4CAB2D-CDDF-44D9-AB70-F05549792493}.Release|Any CPU.ActiveCfg = Release|Any CPU
		{FE4CAB2D-CDDF-44D9-AB70-F05549792493}.Release|Any CPU.Build.0 = Release|Any CPU
	EndGlobalSection
	GlobalSection(SolutionProperties) = preSolution
		HideSolutionNode = FALSE
	EndGlobalSection
	GlobalSection(ExtensibilityGlobals) = postSolution
		SolutionGuid = {A19373B5-AA87-4981-BB38-A91C1DB5C62B}
	EndGlobalSection
EndGlobal
